PODS:
  - Alamofire (4.2.0)
  - Crashlytics (3.8.3):
    - Fabric (~> 1.6.3)
  - Fabric (1.6.11)
  - GoogleMaps (2.1.1):
    - GoogleMaps/Maps (= 2.1.1)
  - GoogleMaps/Base (2.1.1)
  - GoogleMaps/Maps (2.1.1):
    - GoogleMaps/Base
  - iOS-GPX-Framework (0.0.4):
    - TBXML (~> 1.5)
  - iOS-KML-Framework (1.0.0):
    - TBXML (~> 1.5)
  - IQKeyboardManagerSwift (4.0.8)
  - JSONAPI (1.0.7)
  - MagicalRecord (2.3.2):
    - MagicalRecord/Core (= 2.3.2)
  - MagicalRecord/Core (2.3.2)
  - ReachabilitySwift (3)
  - SVProgressHUD (2.1.2)
  - SwiftyJSON (3.1.3)
  - TBXML (1.5)

DEPENDENCIES:
  - Alamofire
  - Crashlytics
  - Fabric
  - GoogleMaps
  - iOS-GPX-Framework (from `http://github.com/merlos/iOS-GPX-Framework`)
  - iOS-KML-Framework (from `https://github.com/FLCLjp/iOS-KML-Framework.git`)
  - IQKeyboardManagerSwift
  - JSONAPI (~> 1.0.7)
  - MagicalRecord
  - ReachabilitySwift (~> 3)
  - SVProgressHUD
  - SwiftyJSON

EXTERNAL SOURCES:
  iOS-GPX-Framework:
    :git: http://github.com/merlos/iOS-GPX-Framework
  iOS-KML-Framework:
    :git: https://github.com/FLCLjp/iOS-KML-Framework.git

CHECKOUT OPTIONS:
  iOS-GPX-Framework:
    :commit: 9ac7b6ca3d1ab9b28007d3e88c9888a2f78099db
    :git: http://github.com/merlos/iOS-GPX-Framework
  iOS-KML-Framework:
    :commit: dc38d7c2e80e0d4c077a63e7cce4c3b34ac25d08
    :git: https://github.com/FLCLjp/iOS-KML-Framework.git

SPEC CHECKSUMS:
  Alamofire: aa2e09d871c9160ac53c90e83c68064a94e3dfbe
  Crashlytics: 2b6dbe138a42395577cfa73dfa1aa7248cadf39e
  Fabric: 5911403591946b8228ab1c51d98f1d7137e863c6
  GoogleMaps: a5b5bbe47734e2443bde781a6aa64e69fdb6d785
  iOS-GPX-Framework: 38b56820461b99cd7f1fb6cf1e0621f72d63e872
  iOS-KML-Framework: c16f4605bc290b769a13f2645840211e31f8d92a
  IQKeyboardManagerSwift: c04bc9f68473823f825eb44d958fce98d921bead
  JSONAPI: 8fed55fcfa08ee662674cd4f1bd03c37d8b34e03
  MagicalRecord: 53bed74b4323b930992a725be713e53b37d19755
  ReachabilitySwift: f5b9bb30a0777fac8f09ce8b067e32faeb29bb64
  SVProgressHUD: c404a55d78acbeb7ebb78b76d3faf986475a6994
  SwiftyJSON: 38a8ea2006779c0fc4c310cb2ee8195327740faf
  TBXML: 9f9dadb239f2f2af1dadb87fe43a0ce6e479379a

PODFILE CHECKSUM: b88cfb63964715327f0e1e92eb320cd0c8718e87

COCOAPODS: 1.2.0.beta.1
