// !$*UTF8*$!
{
	archiveVersion = 1;
	classes = {
	};
	objectVersion = 46;
	objects = {

/* Begin PBXBuildFile section */
		09EFF0AAE00ABB392E887F06 /* Pods_TraceMyRoutes.framework in Frameworks */ = {isa = PBXBuildFile; fileRef = 0ED2CDAE9A42C3585250192E /* Pods_TraceMyRoutes.framework */; };
		14015E491E48851F004EADC4 /* ConfirmEmergencyPhoneCallScene.xib in Resources */ = {isa = PBXBuildFile; fileRef = 14015E481E48851F004EADC4 /* ConfirmEmergencyPhoneCallScene.xib */; };
		14015E4B1E488532004EADC4 /* ConfirmEmergencyPhoneCallScene.swift in Sources */ = {isa = PBXBuildFile; fileRef = 14015E4A1E488532004EADC4 /* ConfirmEmergencyPhoneCallScene.swift */; };
		14015E4D1E488B4E004EADC4 /* BlackListViewController.swift in Sources */ = {isa = PBXBuildFile; fileRef = 14015E4C1E488B4E004EADC4 /* BlackListViewController.swift */; };
		141025291E42DD1A002856B9 /* WarningScene.xib in Resources */ = {isa = PBXBuildFile; fileRef = 141025281E42DD1A002856B9 /* WarningScene.xib */; };
		1410252B1E42DD2C002856B9 /* WarningScene.swift in Sources */ = {isa = PBXBuildFile; fileRef = 1410252A1E42DD2C002856B9 /* WarningScene.swift */; };
		143D45E81E45B41C000AF402 /* GPXMachine.swift in Sources */ = {isa = PBXBuildFile; fileRef = 143D45E71E45B41C000AF402 /* GPXMachine.swift */; };
		1448ED1C1E373FE700962E58 /* AppDelegate.swift in Sources */ = {isa = PBXBuildFile; fileRef = 1448ED1B1E373FE700962E58 /* AppDelegate.swift */; };
		1448ED211E373FE700962E58 /* Main.storyboard in Resources */ = {isa = PBXBuildFile; fileRef = 1448ED1F1E373FE700962E58 /* Main.storyboard */; };
		1448ED241E373FE700962E58 /* TraceMyRoutes.xcdatamodeld in Sources */ = {isa = PBXBuildFile; fileRef = 1448ED221E373FE700962E58 /* TraceMyRoutes.xcdatamodeld */; };
		1448ED261E373FE700962E58 /* Assets.xcassets in Resources */ = {isa = PBXBuildFile; fileRef = 1448ED251E373FE700962E58 /* Assets.xcassets */; };
		1448ED291E373FE700962E58 /* LaunchScreen.storyboard in Resources */ = {isa = PBXBuildFile; fileRef = 1448ED271E373FE700962E58 /* LaunchScreen.storyboard */; };
		1448ED341E373FE700962E58 /* TraceMyRoutesTests.swift in Sources */ = {isa = PBXBuildFile; fileRef = 1448ED331E373FE700962E58 /* TraceMyRoutesTests.swift */; };
		1448ED3F1E373FE700962E58 /* TraceMyRoutesUITests.swift in Sources */ = {isa = PBXBuildFile; fileRef = 1448ED3E1E373FE700962E58 /* TraceMyRoutesUITests.swift */; };
		1448ED511E3742E900962E58 /* TracingViewController.swift in Sources */ = {isa = PBXBuildFile; fileRef = 1448ED501E3742E900962E58 /* TracingViewController.swift */; };
		1448ED531E3742F600962E58 /* RatingViewController.swift in Sources */ = {isa = PBXBuildFile; fileRef = 1448ED521E3742F600962E58 /* RatingViewController.swift */; };
		1448ED551E3744A200962E58 /* AppConfig.swift in Sources */ = {isa = PBXBuildFile; fileRef = 1448ED541E3744A200962E58 /* AppConfig.swift */; };
		1448EDE41E375F2500962E58 /* KMLMachine.swift in Sources */ = {isa = PBXBuildFile; fileRef = 1448EDE31E375F2500962E58 /* KMLMachine.swift */; };
		147875D61E4DBAE600D6A826 /* Localizable.strings in Resources */ = {isa = PBXBuildFile; fileRef = 147875D81E4DBAE600D6A826 /* Localizable.strings */; };
		1485ED9D1E4C629600F45290 /* User.swift in Sources */ = {isa = PBXBuildFile; fileRef = 1485ED9C1E4C629600F45290 /* User.swift */; };
		1495D0EE1E4B03B100298CD6 /* CoreData.framework in Frameworks */ = {isa = PBXBuildFile; fileRef = 1495D0ED1E4B03B100298CD6 /* CoreData.framework */; };
		14AF1CCA1E37703F005F4BE2 /* API.swift in Sources */ = {isa = PBXBuildFile; fileRef = 14AF1CC91E37703F005F4BE2 /* API.swift */; };
		14AF1CCC1E3786BD005F4BE2 /* TraceRouteMachine.swift in Sources */ = {isa = PBXBuildFile; fileRef = 14AF1CCB1E3786BD005F4BE2 /* TraceRouteMachine.swift */; };
		14AF1CCE1E3794B3005F4BE2 /* FirstViewController.swift in Sources */ = {isa = PBXBuildFile; fileRef = 14AF1CCD1E3794B3005F4BE2 /* FirstViewController.swift */; };
		14C012BD1E488F220018A37A /* BlackListCell.xib in Resources */ = {isa = PBXBuildFile; fileRef = 14C012BC1E488F220018A37A /* BlackListCell.xib */; };
		14C012BF1E488F3E0018A37A /* BlackListCell.swift in Sources */ = {isa = PBXBuildFile; fileRef = 14C012BE1E488F3E0018A37A /* BlackListCell.swift */; };
		14C012C31E48A5200018A37A /* ResponseDecorator.swift in Sources */ = {isa = PBXBuildFile; fileRef = 14C012C21E48A5200018A37A /* ResponseDecorator.swift */; };
		14E6F89D1E4300B600ED3A06 /* CommentViewController.swift in Sources */ = {isa = PBXBuildFile; fileRef = 14E6F89C1E4300B600ED3A06 /* CommentViewController.swift */; };
		14E6F89F1E4316FC00ED3A06 /* Utils.swift in Sources */ = {isa = PBXBuildFile; fileRef = 14E6F89E1E4316FB00ED3A06 /* Utils.swift */; };
		1915D083331B58255CFF461A /* Pods_TraceMyRoutesTests.framework in Frameworks */ = {isa = PBXBuildFile; fileRef = 8AA027445141768B33870049 /* Pods_TraceMyRoutesTests.framework */; };
		7104F1618724CABD3911A21A /* Pods_TraceMyRoutesUITests.framework in Frameworks */ = {isa = PBXBuildFile; fileRef = 2F11F26A93E017698662454D /* Pods_TraceMyRoutesUITests.framework */; };
/* End PBXBuildFile section */

/* Begin PBXContainerItemProxy section */
		1448ED301E373FE700962E58 /* PBXContainerItemProxy */ = {
			isa = PBXContainerItemProxy;
			containerPortal = 1448ED101E373FE700962E58 /* Project object */;
			proxyType = 1;
			remoteGlobalIDString = 1448ED171E373FE700962E58;
			remoteInfo = TraceMyRoutes;
		};
		1448ED3B1E373FE700962E58 /* PBXContainerItemProxy */ = {
			isa = PBXContainerItemProxy;
			containerPortal = 1448ED101E373FE700962E58 /* Project object */;
			proxyType = 1;
			remoteGlobalIDString = 1448ED171E373FE700962E58;
			remoteInfo = TraceMyRoutes;
		};
/* End PBXContainerItemProxy section */

/* Begin PBXFileReference section */
		0210D704EECE570278557C71 /* Pods-TraceMyRoutesTests.debug.xcconfig */ = {isa = PBXFileReference; includeInIndex = 1; lastKnownFileType = text.xcconfig; name = "Pods-TraceMyRoutesTests.debug.xcconfig"; path = "Pods/Target Support Files/Pods-TraceMyRoutesTests/Pods-TraceMyRoutesTests.debug.xcconfig"; sourceTree = "<group>"; };
		0ED2CDAE9A42C3585250192E /* Pods_TraceMyRoutes.framework */ = {isa = PBXFileReference; explicitFileType = wrapper.framework; includeInIndex = 0; path = Pods_TraceMyRoutes.framework; sourceTree = BUILT_PRODUCTS_DIR; };
		14015E481E48851F004EADC4 /* ConfirmEmergencyPhoneCallScene.xib */ = {isa = PBXFileReference; fileEncoding = 4; lastKnownFileType = file.xib; path = ConfirmEmergencyPhoneCallScene.xib; sourceTree = "<group>"; };
		14015E4A1E488532004EADC4 /* ConfirmEmergencyPhoneCallScene.swift */ = {isa = PBXFileReference; fileEncoding = 4; lastKnownFileType = sourcecode.swift; path = ConfirmEmergencyPhoneCallScene.swift; sourceTree = "<group>"; };
		14015E4C1E488B4E004EADC4 /* BlackListViewController.swift */ = {isa = PBXFileReference; fileEncoding = 4; lastKnownFileType = sourcecode.swift; path = BlackListViewController.swift; sourceTree = "<group>"; };
		141025281E42DD1A002856B9 /* WarningScene.xib */ = {isa = PBXFileReference; fileEncoding = 4; lastKnownFileType = file.xib; path = WarningScene.xib; sourceTree = "<group>"; };
		1410252A1E42DD2C002856B9 /* WarningScene.swift */ = {isa = PBXFileReference; fileEncoding = 4; lastKnownFileType = sourcecode.swift; path = WarningScene.swift; sourceTree = "<group>"; };
		143D45E71E45B41C000AF402 /* GPXMachine.swift */ = {isa = PBXFileReference; fileEncoding = 4; lastKnownFileType = sourcecode.swift; path = GPXMachine.swift; sourceTree = "<group>"; };
		1448ED181E373FE700962E58 /* TraceMyRoutes.app */ = {isa = PBXFileReference; explicitFileType = wrapper.application; includeInIndex = 0; path = TraceMyRoutes.app; sourceTree = BUILT_PRODUCTS_DIR; };
		1448ED1B1E373FE700962E58 /* AppDelegate.swift */ = {isa = PBXFileReference; lastKnownFileType = sourcecode.swift; path = AppDelegate.swift; sourceTree = "<group>"; };
		1448ED201E373FE700962E58 /* Base */ = {isa = PBXFileReference; lastKnownFileType = file.storyboard; name = Base; path = Base.lproj/Main.storyboard; sourceTree = "<group>"; };
		1448ED231E373FE700962E58 /* TraceMyRoutes.xcdatamodel */ = {isa = PBXFileReference; lastKnownFileType = wrapper.xcdatamodel; path = TraceMyRoutes.xcdatamodel; sourceTree = "<group>"; };
		1448ED251E373FE700962E58 /* Assets.xcassets */ = {isa = PBXFileReference; lastKnownFileType = folder.assetcatalog; path = Assets.xcassets; sourceTree = "<group>"; };
		1448ED281E373FE700962E58 /* Base */ = {isa = PBXFileReference; lastKnownFileType = file.storyboard; name = Base; path = Base.lproj/LaunchScreen.storyboard; sourceTree = "<group>"; };
		1448ED2A1E373FE700962E58 /* Info.plist */ = {isa = PBXFileReference; lastKnownFileType = text.plist.xml; path = Info.plist; sourceTree = "<group>"; };
		1448ED2F1E373FE700962E58 /* TraceMyRoutesTests.xctest */ = {isa = PBXFileReference; explicitFileType = wrapper.cfbundle; includeInIndex = 0; path = TraceMyRoutesTests.xctest; sourceTree = BUILT_PRODUCTS_DIR; };
		1448ED331E373FE700962E58 /* TraceMyRoutesTests.swift */ = {isa = PBXFileReference; lastKnownFileType = sourcecode.swift; path = TraceMyRoutesTests.swift; sourceTree = "<group>"; };
		1448ED351E373FE700962E58 /* Info.plist */ = {isa = PBXFileReference; lastKnownFileType = text.plist.xml; path = Info.plist; sourceTree = "<group>"; };
		1448ED3A1E373FE700962E58 /* TraceMyRoutesUITests.xctest */ = {isa = PBXFileReference; explicitFileType = wrapper.cfbundle; includeInIndex = 0; path = TraceMyRoutesUITests.xctest; sourceTree = BUILT_PRODUCTS_DIR; };
		1448ED3E1E373FE700962E58 /* TraceMyRoutesUITests.swift */ = {isa = PBXFileReference; lastKnownFileType = sourcecode.swift; path = TraceMyRoutesUITests.swift; sourceTree = "<group>"; };
		1448ED401E373FE700962E58 /* Info.plist */ = {isa = PBXFileReference; lastKnownFileType = text.plist.xml; path = Info.plist; sourceTree = "<group>"; };
		1448ED501E3742E900962E58 /* TracingViewController.swift */ = {isa = PBXFileReference; fileEncoding = 4; lastKnownFileType = sourcecode.swift; path = TracingViewController.swift; sourceTree = "<group>"; };
		1448ED521E3742F600962E58 /* RatingViewController.swift */ = {isa = PBXFileReference; fileEncoding = 4; lastKnownFileType = sourcecode.swift; path = RatingViewController.swift; sourceTree = "<group>"; };
		1448ED541E3744A200962E58 /* AppConfig.swift */ = {isa = PBXFileReference; fileEncoding = 4; lastKnownFileType = sourcecode.swift; path = AppConfig.swift; sourceTree = "<group>"; };
		1448EDE21E37563400962E58 /* TraceMyRoutes-Bridging-Header.h */ = {isa = PBXFileReference; lastKnownFileType = sourcecode.c.h; path = "TraceMyRoutes-Bridging-Header.h"; sourceTree = "<group>"; };
		1448EDE31E375F2500962E58 /* KMLMachine.swift */ = {isa = PBXFileReference; fileEncoding = 4; lastKnownFileType = sourcecode.swift; path = KMLMachine.swift; sourceTree = "<group>"; };
		147875D71E4DBAE600D6A826 /* Base */ = {isa = PBXFileReference; lastKnownFileType = text.plist.strings; name = Base; path = Base.lproj/Localizable.strings; sourceTree = "<group>"; };
		147875D91E4DBAF600D6A826 /* en */ = {isa = PBXFileReference; lastKnownFileType = text.plist.strings; name = en; path = en.lproj/Localizable.strings; sourceTree = "<group>"; };
		1485ED9C1E4C629600F45290 /* User.swift */ = {isa = PBXFileReference; fileEncoding = 4; lastKnownFileType = sourcecode.swift; path = User.swift; sourceTree = "<group>"; };
		1495D0ED1E4B03B100298CD6 /* CoreData.framework */ = {isa = PBXFileReference; lastKnownFileType = wrapper.framework; name = CoreData.framework; path = System/Library/Frameworks/CoreData.framework; sourceTree = SDKROOT; };
		14AF1CC91E37703F005F4BE2 /* API.swift */ = {isa = PBXFileReference; fileEncoding = 4; lastKnownFileType = sourcecode.swift; path = API.swift; sourceTree = "<group>"; };
		14AF1CCB1E3786BD005F4BE2 /* TraceRouteMachine.swift */ = {isa = PBXFileReference; fileEncoding = 4; lastKnownFileType = sourcecode.swift; path = TraceRouteMachine.swift; sourceTree = "<group>"; };
		14AF1CCD1E3794B3005F4BE2 /* FirstViewController.swift */ = {isa = PBXFileReference; fileEncoding = 4; lastKnownFileType = sourcecode.swift; path = FirstViewController.swift; sourceTree = "<group>"; };
		14C012BC1E488F220018A37A /* BlackListCell.xib */ = {isa = PBXFileReference; fileEncoding = 4; lastKnownFileType = file.xib; path = BlackListCell.xib; sourceTree = "<group>"; };
		14C012BE1E488F3E0018A37A /* BlackListCell.swift */ = {isa = PBXFileReference; fileEncoding = 4; lastKnownFileType = sourcecode.swift; path = BlackListCell.swift; sourceTree = "<group>"; };
		14C012C21E48A5200018A37A /* ResponseDecorator.swift */ = {isa = PBXFileReference; fileEncoding = 4; lastKnownFileType = sourcecode.swift; path = ResponseDecorator.swift; sourceTree = "<group>"; };
		14E6F89C1E4300B600ED3A06 /* CommentViewController.swift */ = {isa = PBXFileReference; fileEncoding = 4; lastKnownFileType = sourcecode.swift; path = CommentViewController.swift; sourceTree = "<group>"; };
		14E6F89E1E4316FB00ED3A06 /* Utils.swift */ = {isa = PBXFileReference; fileEncoding = 4; lastKnownFileType = sourcecode.swift; path = Utils.swift; sourceTree = "<group>"; };
		28E8A01E28F7C4D4B0E8E78A /* Pods-TraceMyRoutesUITests.debug.xcconfig */ = {isa = PBXFileReference; includeInIndex = 1; lastKnownFileType = text.xcconfig; name = "Pods-TraceMyRoutesUITests.debug.xcconfig"; path = "Pods/Target Support Files/Pods-TraceMyRoutesUITests/Pods-TraceMyRoutesUITests.debug.xcconfig"; sourceTree = "<group>"; };
		2F11F26A93E017698662454D /* Pods_TraceMyRoutesUITests.framework */ = {isa = PBXFileReference; explicitFileType = wrapper.framework; includeInIndex = 0; path = Pods_TraceMyRoutesUITests.framework; sourceTree = BUILT_PRODUCTS_DIR; };
		4638FFEA84464068CC030735 /* Pods-TraceMyRoutesTests.release.xcconfig */ = {isa = PBXFileReference; includeInIndex = 1; lastKnownFileType = text.xcconfig; name = "Pods-TraceMyRoutesTests.release.xcconfig"; path = "Pods/Target Support Files/Pods-TraceMyRoutesTests/Pods-TraceMyRoutesTests.release.xcconfig"; sourceTree = "<group>"; };
		8AA027445141768B33870049 /* Pods_TraceMyRoutesTests.framework */ = {isa = PBXFileReference; explicitFileType = wrapper.framework; includeInIndex = 0; path = Pods_TraceMyRoutesTests.framework; sourceTree = BUILT_PRODUCTS_DIR; };
		8CC22E0276ACE5B3CB3ED155 /* Pods-TraceMyRoutes.debug.xcconfig */ = {isa = PBXFileReference; includeInIndex = 1; lastKnownFileType = text.xcconfig; name = "Pods-TraceMyRoutes.debug.xcconfig"; path = "Pods/Target Support Files/Pods-TraceMyRoutes/Pods-TraceMyRoutes.debug.xcconfig"; sourceTree = "<group>"; };
		B30D661D48F90D10B5BCF92F /* Pods-TraceMyRoutesUITests.release.xcconfig */ = {isa = PBXFileReference; includeInIndex = 1; lastKnownFileType = text.xcconfig; name = "Pods-TraceMyRoutesUITests.release.xcconfig"; path = "Pods/Target Support Files/Pods-TraceMyRoutesUITests/Pods-TraceMyRoutesUITests.release.xcconfig"; sourceTree = "<group>"; };
		D2CE7C500955B82EFC4E7FBB /* Pods-TraceMyRoutes.release.xcconfig */ = {isa = PBXFileReference; includeInIndex = 1; lastKnownFileType = text.xcconfig; name = "Pods-TraceMyRoutes.release.xcconfig"; path = "Pods/Target Support Files/Pods-TraceMyRoutes/Pods-TraceMyRoutes.release.xcconfig"; sourceTree = "<group>"; };
/* End PBXFileReference section */

/* Begin PBXFrameworksBuildPhase section */
		1448ED151E373FE700962E58 /* Frameworks */ = {
			isa = PBXFrameworksBuildPhase;
			buildActionMask = 2147483647;
			files = (
				1495D0EE1E4B03B100298CD6 /* CoreData.framework in Frameworks */,
				09EFF0AAE00ABB392E887F06 /* Pods_TraceMyRoutes.framework in Frameworks */,
			);
			runOnlyForDeploymentPostprocessing = 0;
		};
		1448ED2C1E373FE700962E58 /* Frameworks */ = {
			isa = PBXFrameworksBuildPhase;
			buildActionMask = 2147483647;
			files = (
				1915D083331B58255CFF461A /* Pods_TraceMyRoutesTests.framework in Frameworks */,
			);
			runOnlyForDeploymentPostprocessing = 0;
		};
		1448ED371E373FE700962E58 /* Frameworks */ = {
			isa = PBXFrameworksBuildPhase;
			buildActionMask = 2147483647;
			files = (
				7104F1618724CABD3911A21A /* Pods_TraceMyRoutesUITests.framework in Frameworks */,
			);
			runOnlyForDeploymentPostprocessing = 0;
		};
/* End PBXFrameworksBuildPhase section */

/* Begin PBXGroup section */
		1410252C1E42DD32002856B9 /* Warning */ = {
			isa = PBXGroup;
			children = (
				141025281E42DD1A002856B9 /* WarningScene.xib */,
				1410252A1E42DD2C002856B9 /* WarningScene.swift */,
			);
			name = Warning;
			sourceTree = "<group>";
		};
		141FFFBB1E44487D00F0FD92 /* 1. First Scene */ = {
			isa = PBXGroup;
			children = (
				1410252C1E42DD32002856B9 /* Warning */,
				14AF1CCD1E3794B3005F4BE2 /* FirstViewController.swift */,
			);
			name = "1. First Scene";
			sourceTree = "<group>";
		};
		141FFFBC1E44489600F0FD92 /* 2. Trace */ = {
			isa = PBXGroup;
			children = (
				1448ED501E3742E900962E58 /* TracingViewController.swift */,
				14015E481E48851F004EADC4 /* ConfirmEmergencyPhoneCallScene.xib */,
				14015E4A1E488532004EADC4 /* ConfirmEmergencyPhoneCallScene.swift */,
			);
			name = "2. Trace";
			sourceTree = "<group>";
		};
		141FFFBD1E444B7E00F0FD92 /* 3. Rating */ = {
			isa = PBXGroup;
			children = (
				1448ED521E3742F600962E58 /* RatingViewController.swift */,
				14E6F89C1E4300B600ED3A06 /* CommentViewController.swift */,
			);
			name = "3. Rating";
			sourceTree = "<group>";
		};
		141FFFBE1E444C7B00F0FD92 /* Storyboard */ = {
			isa = PBXGroup;
			children = (
				1448ED271E373FE700962E58 /* LaunchScreen.storyboard */,
				1448ED1F1E373FE700962E58 /* Main.storyboard */,
			);
			name = Storyboard;
			sourceTree = "<group>";
		};
		141FFFBF1E444C9B00F0FD92 /* Model */ = {
			isa = PBXGroup;
			children = (
				143D45E71E45B41C000AF402 /* GPXMachine.swift */,
				1448EDE31E375F2500962E58 /* KMLMachine.swift */,
				14AF1CCB1E3786BD005F4BE2 /* TraceRouteMachine.swift */,
				1485ED9C1E4C629600F45290 /* User.swift */,
			);
			name = Model;
			sourceTree = "<group>";
		};
		1448ED0F1E373FE700962E58 = {
			isa = PBXGroup;
			children = (
				1448ED1A1E373FE700962E58 /* TraceMyRoutes */,
				1448ED321E373FE700962E58 /* TraceMyRoutesTests */,
				1448ED3D1E373FE700962E58 /* TraceMyRoutesUITests */,
				1448ED191E373FE700962E58 /* Products */,
				BAF21C100A58C20AF657C86A /* Pods */,
				DCF0DC9510BA6724850C956E /* Frameworks */,
			);
			sourceTree = "<group>";
		};
		1448ED191E373FE700962E58 /* Products */ = {
			isa = PBXGroup;
			children = (
				1448ED181E373FE700962E58 /* TraceMyRoutes.app */,
				1448ED2F1E373FE700962E58 /* TraceMyRoutesTests.xctest */,
				1448ED3A1E373FE700962E58 /* TraceMyRoutesUITests.xctest */,
			);
			name = Products;
			sourceTree = "<group>";
		};
		1448ED1A1E373FE700962E58 /* TraceMyRoutes */ = {
			isa = PBXGroup;
			children = (
				1448ED1B1E373FE700962E58 /* AppDelegate.swift */,
				1448ED541E3744A200962E58 /* AppConfig.swift */,
				141FFFBE1E444C7B00F0FD92 /* Storyboard */,
				141FFFBB1E44487D00F0FD92 /* 1. First Scene */,
				141FFFBC1E44489600F0FD92 /* 2. Trace */,
				141FFFBD1E444B7E00F0FD92 /* 3. Rating */,
				14E6F89E1E4316FB00ED3A06 /* Utils.swift */,
				14015E4C1E488B4E004EADC4 /* BlackListViewController.swift */,
				14C012BC1E488F220018A37A /* BlackListCell.xib */,
				14C012BE1E488F3E0018A37A /* BlackListCell.swift */,
				14AF1CC91E37703F005F4BE2 /* API.swift */,
				14C012C21E48A5200018A37A /* ResponseDecorator.swift */,
				141FFFBF1E444C9B00F0FD92 /* Model */,
				1448ED251E373FE700962E58 /* Assets.xcassets */,
				1448ED2A1E373FE700962E58 /* Info.plist */,
				1448ED221E373FE700962E58 /* TraceMyRoutes.xcdatamodeld */,
				1448EDE21E37563400962E58 /* TraceMyRoutes-Bridging-Header.h */,
				147875D81E4DBAE600D6A826 /* Localizable.strings */,
			);
			path = TraceMyRoutes;
			sourceTree = "<group>";
		};
		1448ED321E373FE700962E58 /* TraceMyRoutesTests */ = {
			isa = PBXGroup;
			children = (
				1448ED331E373FE700962E58 /* TraceMyRoutesTests.swift */,
				1448ED351E373FE700962E58 /* Info.plist */,
			);
			path = TraceMyRoutesTests;
			sourceTree = "<group>";
		};
		1448ED3D1E373FE700962E58 /* TraceMyRoutesUITests */ = {
			isa = PBXGroup;
			children = (
				1448ED3E1E373FE700962E58 /* TraceMyRoutesUITests.swift */,
				1448ED401E373FE700962E58 /* Info.plist */,
			);
			path = TraceMyRoutesUITests;
			sourceTree = "<group>";
		};
		BAF21C100A58C20AF657C86A /* Pods */ = {
			isa = PBXGroup;
			children = (
				8CC22E0276ACE5B3CB3ED155 /* Pods-TraceMyRoutes.debug.xcconfig */,
				D2CE7C500955B82EFC4E7FBB /* Pods-TraceMyRoutes.release.xcconfig */,
				0210D704EECE570278557C71 /* Pods-TraceMyRoutesTests.debug.xcconfig */,
				4638FFEA84464068CC030735 /* Pods-TraceMyRoutesTests.release.xcconfig */,
				28E8A01E28F7C4D4B0E8E78A /* Pods-TraceMyRoutesUITests.debug.xcconfig */,
				B30D661D48F90D10B5BCF92F /* Pods-TraceMyRoutesUITests.release.xcconfig */,
			);
			name = Pods;
			sourceTree = "<group>";
		};
		DCF0DC9510BA6724850C956E /* Frameworks */ = {
			isa = PBXGroup;
			children = (
				1495D0ED1E4B03B100298CD6 /* CoreData.framework */,
				0ED2CDAE9A42C3585250192E /* Pods_TraceMyRoutes.framework */,
				8AA027445141768B33870049 /* Pods_TraceMyRoutesTests.framework */,
				2F11F26A93E017698662454D /* Pods_TraceMyRoutesUITests.framework */,
			);
			name = Frameworks;
			sourceTree = "<group>";
		};
/* End PBXGroup section */

/* Begin PBXNativeTarget section */
		1448ED171E373FE700962E58 /* TraceMyRoutes */ = {
			isa = PBXNativeTarget;
			buildConfigurationList = 1448ED431E373FE700962E58 /* Build configuration list for PBXNativeTarget "TraceMyRoutes" */;
			buildPhases = (
				3B15093448992F6C31903263 /* [CP] Check Pods Manifest.lock */,
				1448ED141E373FE700962E58 /* Sources */,
				1448ED151E373FE700962E58 /* Frameworks */,
				1448ED161E373FE700962E58 /* Resources */,
				564B87A85129FCAA8EB73BCB /* [CP] Embed Pods Frameworks */,
				F5A912B17A7E256B2368E998 /* [CP] Copy Pods Resources */,
				14EE4FCF1E37A287001306DC /* ShellScript */,
			);
			buildRules = (
			);
			dependencies = (
			);
			name = TraceMyRoutes;
			productName = TraceMyRoutes;
			productReference = 1448ED181E373FE700962E58 /* TraceMyRoutes.app */;
			productType = "com.apple.product-type.application";
		};
		1448ED2E1E373FE700962E58 /* TraceMyRoutesTests */ = {
			isa = PBXNativeTarget;
			buildConfigurationList = 1448ED461E373FE700962E58 /* Build configuration list for PBXNativeTarget "TraceMyRoutesTests" */;
			buildPhases = (
				181FBD6B0DB2EB928DB1F4E5 /* [CP] Check Pods Manifest.lock */,
				1448ED2B1E373FE700962E58 /* Sources */,
				1448ED2C1E373FE700962E58 /* Frameworks */,
				1448ED2D1E373FE700962E58 /* Resources */,
				1FAC28945B04921FDB79E683 /* [CP] Embed Pods Frameworks */,
				8460A14FD879E1D659CAE435 /* [CP] Copy Pods Resources */,
			);
			buildRules = (
			);
			dependencies = (
				1448ED311E373FE700962E58 /* PBXTargetDependency */,
			);
			name = TraceMyRoutesTests;
			productName = TraceMyRoutesTests;
			productReference = 1448ED2F1E373FE700962E58 /* TraceMyRoutesTests.xctest */;
			productType = "com.apple.product-type.bundle.unit-test";
		};
		1448ED391E373FE700962E58 /* TraceMyRoutesUITests */ = {
			isa = PBXNativeTarget;
			buildConfigurationList = 1448ED491E373FE700962E58 /* Build configuration list for PBXNativeTarget "TraceMyRoutesUITests" */;
			buildPhases = (
				ECDCC36D52BE117D71AA59BF /* [CP] Check Pods Manifest.lock */,
				1448ED361E373FE700962E58 /* Sources */,
				1448ED371E373FE700962E58 /* Frameworks */,
				1448ED381E373FE700962E58 /* Resources */,
				8FD2C5FE6092A40ADECDEAB8 /* [CP] Embed Pods Frameworks */,
				E33C6F1BA2365C7FE9565459 /* [CP] Copy Pods Resources */,
			);
			buildRules = (
			);
			dependencies = (
				1448ED3C1E373FE700962E58 /* PBXTargetDependency */,
			);
			name = TraceMyRoutesUITests;
			productName = TraceMyRoutesUITests;
			productReference = 1448ED3A1E373FE700962E58 /* TraceMyRoutesUITests.xctest */;
			productType = "com.apple.product-type.bundle.ui-testing";
		};
/* End PBXNativeTarget section */

/* Begin PBXProject section */
		1448ED101E373FE700962E58 /* Project object */ = {
			isa = PBXProject;
			attributes = {
				LastSwiftUpdateCheck = 0810;
				LastUpgradeCheck = 0820;
				ORGANIZATIONNAME = oddesign;
				TargetAttributes = {
					1448ED171E373FE700962E58 = {
						CreatedOnToolsVersion = 8.1;
						DevelopmentTeam = 6ETQBL4GH5;
						ProvisioningStyle = Automatic;
					};
					1448ED2E1E373FE700962E58 = {
						CreatedOnToolsVersion = 8.1;
						DevelopmentTeam = 6ETQBL4GH5;
						ProvisioningStyle = Automatic;
						TestTargetID = 1448ED171E373FE700962E58;
					};
					1448ED391E373FE700962E58 = {
						CreatedOnToolsVersion = 8.1;
						DevelopmentTeam = 6ETQBL4GH5;
						ProvisioningStyle = Automatic;
						TestTargetID = 1448ED171E373FE700962E58;
					};
				};
			};
			buildConfigurationList = 1448ED131E373FE700962E58 /* Build configuration list for PBXProject "TraceMyRoutes" */;
			compatibilityVersion = "Xcode 3.2";
			developmentRegion = English;
			hasScannedForEncodings = 0;
			knownRegions = (
				en,
				Base,
			);
			mainGroup = 1448ED0F1E373FE700962E58;
			productRefGroup = 1448ED191E373FE700962E58 /* Products */;
			projectDirPath = "";
			projectRoot = "";
			targets = (
				1448ED171E373FE700962E58 /* TraceMyRoutes */,
				1448ED2E1E373FE700962E58 /* TraceMyRoutesTests */,
				1448ED391E373FE700962E58 /* TraceMyRoutesUITests */,
			);
		};
/* End PBXProject section */

/* Begin PBXResourcesBuildPhase section */
		1448ED161E373FE700962E58 /* Resources */ = {
			isa = PBXResourcesBuildPhase;
			buildActionMask = 2147483647;
			files = (
				1448ED291E373FE700962E58 /* LaunchScreen.storyboard in Resources */,
				14C012BD1E488F220018A37A /* BlackListCell.xib in Resources */,
				141025291E42DD1A002856B9 /* WarningScene.xib in Resources */,
				147875D61E4DBAE600D6A826 /* Localizable.strings in Resources */,
				1448ED261E373FE700962E58 /* Assets.xcassets in Resources */,
				1448ED211E373FE700962E58 /* Main.storyboard in Resources */,
				14015E491E48851F004EADC4 /* ConfirmEmergencyPhoneCallScene.xib in Resources */,
			);
			runOnlyForDeploymentPostprocessing = 0;
		};
		1448ED2D1E373FE700962E58 /* Resources */ = {
			isa = PBXResourcesBuildPhase;
			buildActionMask = 2147483647;
			files = (
			);
			runOnlyForDeploymentPostprocessing = 0;
		};
		1448ED381E373FE700962E58 /* Resources */ = {
			isa = PBXResourcesBuildPhase;
			buildActionMask = 2147483647;
			files = (
			);
			runOnlyForDeploymentPostprocessing = 0;
		};
/* End PBXResourcesBuildPhase section */

/* Begin PBXShellScriptBuildPhase section */
		14EE4FCF1E37A287001306DC /* ShellScript */ = {
			isa = PBXShellScriptBuildPhase;
			buildActionMask = 2147483647;
			files = (
			);
			inputPaths = (
			);
			outputPaths = (
			);
			runOnlyForDeploymentPostprocessing = 0;
			shellPath = /bin/sh;
			shellScript = "\"${PODS_ROOT}/Fabric/run\" bdd8c1f28dc6e623c4f8d98450954fa4984566a1 df2b998d56f644e165493e3da5b56f5c9b12768898f40f7c89b40bfcd1ad18cf";
		};
		181FBD6B0DB2EB928DB1F4E5 /* [CP] Check Pods Manifest.lock */ = {
			isa = PBXShellScriptBuildPhase;
			buildActionMask = 2147483647;
			files = (
			);
			inputPaths = (
			);
			name = "[CP] Check Pods Manifest.lock";
			outputPaths = (
			);
			runOnlyForDeploymentPostprocessing = 0;
			shellPath = /bin/sh;
			shellScript = "diff \"${PODS_ROOT}/../Podfile.lock\" \"${PODS_ROOT}/Manifest.lock\" > /dev/null\nif [ $? != 0 ] ; then\n    # print error to STDERR\n    echo \"error: The sandbox is not in sync with the Podfile.lock. Run 'pod install' or update your CocoaPods installation.\" >&2\n    exit 1\nfi\n";
			showEnvVarsInLog = 0;
		};
		1FAC28945B04921FDB79E683 /* [CP] Embed Pods Frameworks */ = {
			isa = PBXShellScriptBuildPhase;
			buildActionMask = 2147483647;
			files = (
			);
			inputPaths = (
			);
			name = "[CP] Embed Pods Frameworks";
			outputPaths = (
			);
			runOnlyForDeploymentPostprocessing = 0;
			shellPath = /bin/sh;
			shellScript = "\"${SRCROOT}/Pods/Target Support Files/Pods-TraceMyRoutesTests/Pods-TraceMyRoutesTests-frameworks.sh\"\n";
			showEnvVarsInLog = 0;
		};
		3B15093448992F6C31903263 /* [CP] Check Pods Manifest.lock */ = {
			isa = PBXShellScriptBuildPhase;
			buildActionMask = 2147483647;
			files = (
			);
			inputPaths = (
			);
			name = "[CP] Check Pods Manifest.lock";
			outputPaths = (
			);
			runOnlyForDeploymentPostprocessing = 0;
			shellPath = /bin/sh;
			shellScript = "diff \"${PODS_ROOT}/../Podfile.lock\" \"${PODS_ROOT}/Manifest.lock\" > /dev/null\nif [ $? != 0 ] ; then\n    # print error to STDERR\n    echo \"error: The sandbox is not in sync with the Podfile.lock. Run 'pod install' or update your CocoaPods installation.\" >&2\n    exit 1\nfi\n";
			showEnvVarsInLog = 0;
		};
		564B87A85129FCAA8EB73BCB /* [CP] Embed Pods Frameworks */ = {
			isa = PBXShellScriptBuildPhase;
			buildActionMask = 2147483647;
			files = (
			);
			inputPaths = (
			);
			name = "[CP] Embed Pods Frameworks";
			outputPaths = (
			);
			runOnlyForDeploymentPostprocessing = 0;
			shellPath = /bin/sh;
			shellScript = "\"${SRCROOT}/Pods/Target Support Files/Pods-TraceMyRoutes/Pods-TraceMyRoutes-frameworks.sh\"\n";
			showEnvVarsInLog = 0;
		};
		8460A14FD879E1D659CAE435 /* [CP] Copy Pods Resources */ = {
			isa = PBXShellScriptBuildPhase;
			buildActionMask = 2147483647;
			files = (
			);
			inputPaths = (
			);
			name = "[CP] Copy Pods Resources";
			outputPaths = (
			);
			runOnlyForDeploymentPostprocessing = 0;
			shellPath = /bin/sh;
			shellScript = "\"${SRCROOT}/Pods/Target Support Files/Pods-TraceMyRoutesTests/Pods-TraceMyRoutesTests-resources.sh\"\n";
			showEnvVarsInLog = 0;
		};
		8FD2C5FE6092A40ADECDEAB8 /* [CP] Embed Pods Frameworks */ = {
			isa = PBXShellScriptBuildPhase;
			buildActionMask = 2147483647;
			files = (
			);
			inputPaths = (
			);
			name = "[CP] Embed Pods Frameworks";
			outputPaths = (
			);
			runOnlyForDeploymentPostprocessing = 0;
			shellPath = /bin/sh;
			shellScript = "\"${SRCROOT}/Pods/Target Support Files/Pods-TraceMyRoutesUITests/Pods-TraceMyRoutesUITests-frameworks.sh\"\n";
			showEnvVarsInLog = 0;
		};
		E33C6F1BA2365C7FE9565459 /* [CP] Copy Pods Resources */ = {
			isa = PBXShellScriptBuildPhase;
			buildActionMask = 2147483647;
			files = (
			);
			inputPaths = (
			);
			name = "[CP] Copy Pods Resources";
			outputPaths = (
			);
			runOnlyForDeploymentPostprocessing = 0;
			shellPath = /bin/sh;
			shellScript = "\"${SRCROOT}/Pods/Target Support Files/Pods-TraceMyRoutesUITests/Pods-TraceMyRoutesUITests-resources.sh\"\n";
			showEnvVarsInLog = 0;
		};
		ECDCC36D52BE117D71AA59BF /* [CP] Check Pods Manifest.lock */ = {
			isa = PBXShellScriptBuildPhase;
			buildActionMask = 2147483647;
			files = (
			);
			inputPaths = (
			);
			name = "[CP] Check Pods Manifest.lock";
			outputPaths = (
			);
			runOnlyForDeploymentPostprocessing = 0;
			shellPath = /bin/sh;
			shellScript = "diff \"${PODS_ROOT}/../Podfile.lock\" \"${PODS_ROOT}/Manifest.lock\" > /dev/null\nif [ $? != 0 ] ; then\n    # print error to STDERR\n    echo \"error: The sandbox is not in sync with the Podfile.lock. Run 'pod install' or update your CocoaPods installation.\" >&2\n    exit 1\nfi\n";
			showEnvVarsInLog = 0;
		};
		F5A912B17A7E256B2368E998 /* [CP] Copy Pods Resources */ = {
			isa = PBXShellScriptBuildPhase;
			buildActionMask = 2147483647;
			files = (
			);
			inputPaths = (
			);
			name = "[CP] Copy Pods Resources";
			outputPaths = (
			);
			runOnlyForDeploymentPostprocessing = 0;
			shellPath = /bin/sh;
			shellScript = "\"${SRCROOT}/Pods/Target Support Files/Pods-TraceMyRoutes/Pods-TraceMyRoutes-resources.sh\"\n";
			showEnvVarsInLog = 0;
		};
/* End PBXShellScriptBuildPhase section */

/* Begin PBXSourcesBuildPhase section */
		1448ED141E373FE700962E58 /* Sources */ = {
			isa = PBXSourcesBuildPhase;
			buildActionMask = 2147483647;
			files = (
				14E6F89D1E4300B600ED3A06 /* CommentViewController.swift in Sources */,
				14AF1CCC1E3786BD005F4BE2 /* TraceRouteMachine.swift in Sources */,
				143D45E81E45B41C000AF402 /* GPXMachine.swift in Sources */,
				1410252B1E42DD2C002856B9 /* WarningScene.swift in Sources */,
				14015E4D1E488B4E004EADC4 /* BlackListViewController.swift in Sources */,
				14C012C31E48A5200018A37A /* ResponseDecorator.swift in Sources */,
				14015E4B1E488532004EADC4 /* ConfirmEmergencyPhoneCallScene.swift in Sources */,
				14E6F89F1E4316FC00ED3A06 /* Utils.swift in Sources */,
				1448ED241E373FE700962E58 /* TraceMyRoutes.xcdatamodeld in Sources */,
				1448ED551E3744A200962E58 /* AppConfig.swift in Sources */,
				1448EDE41E375F2500962E58 /* KMLMachine.swift in Sources */,
				14AF1CCE1E3794B3005F4BE2 /* FirstViewController.swift in Sources */,
				1448ED531E3742F600962E58 /* RatingViewController.swift in Sources */,
				1448ED511E3742E900962E58 /* TracingViewController.swift in Sources */,
				1485ED9D1E4C629600F45290 /* User.swift in Sources */,
				14AF1CCA1E37703F005F4BE2 /* API.swift in Sources */,
				14C012BF1E488F3E0018A37A /* BlackListCell.swift in Sources */,
				1448ED1C1E373FE700962E58 /* AppDelegate.swift in Sources */,
			);
			runOnlyForDeploymentPostprocessing = 0;
		};
		1448ED2B1E373FE700962E58 /* Sources */ = {
			isa = PBXSourcesBuildPhase;
			buildActionMask = 2147483647;
			files = (
				1448ED341E373FE700962E58 /* TraceMyRoutesTests.swift in Sources */,
			);
			runOnlyForDeploymentPostprocessing = 0;
		};
		1448ED361E373FE700962E58 /* Sources */ = {
			isa = PBXSourcesBuildPhase;
			buildActionMask = 2147483647;
			files = (
				1448ED3F1E373FE700962E58 /* TraceMyRoutesUITests.swift in Sources */,
			);
			runOnlyForDeploymentPostprocessing = 0;
		};
/* End PBXSourcesBuildPhase section */

/* Begin PBXTargetDependency section */
		1448ED311E373FE700962E58 /* PBXTargetDependency */ = {
			isa = PBXTargetDependency;
			target = 1448ED171E373FE700962E58 /* TraceMyRoutes */;
			targetProxy = 1448ED301E373FE700962E58 /* PBXContainerItemProxy */;
		};
		1448ED3C1E373FE700962E58 /* PBXTargetDependency */ = {
			isa = PBXTargetDependency;
			target = 1448ED171E373FE700962E58 /* TraceMyRoutes */;
			targetProxy = 1448ED3B1E373FE700962E58 /* PBXContainerItemProxy */;
		};
/* End PBXTargetDependency section */

/* Begin PBXVariantGroup section */
		1448ED1F1E373FE700962E58 /* Main.storyboard */ = {
			isa = PBXVariantGroup;
			children = (
				1448ED201E373FE700962E58 /* Base */,
			);
			name = Main.storyboard;
			sourceTree = "<group>";
		};
		1448ED271E373FE700962E58 /* LaunchScreen.storyboard */ = {
			isa = PBXVariantGroup;
			children = (
				1448ED281E373FE700962E58 /* Base */,
			);
			name = LaunchScreen.storyboard;
			sourceTree = "<group>";
		};
		147875D81E4DBAE600D6A826 /* Localizable.strings */ = {
			isa = PBXVariantGroup;
			children = (
				147875D71E4DBAE600D6A826 /* Base */,
				147875D91E4DBAF600D6A826 /* en */,
			);
			name = Localizable.strings;
			sourceTree = "<group>";
		};
/* End PBXVariantGroup section */

/* Begin XCBuildConfiguration section */
		1448ED411E373FE700962E58 /* Debug */ = {
			isa = XCBuildConfiguration;
			buildSettings = {
				ALWAYS_SEARCH_USER_PATHS = NO;
				CLANG_ANALYZER_NONNULL = YES;
				CLANG_CXX_LANGUAGE_STANDARD = "gnu++0x";
				CLANG_CXX_LIBRARY = "libc++";
				CLANG_ENABLE_MODULES = YES;
				CLANG_ENABLE_OBJC_ARC = YES;
				CLANG_WARN_BOOL_CONVERSION = YES;
				CLANG_WARN_CONSTANT_CONVERSION = YES;
				CLANG_WARN_DIRECT_OBJC_ISA_USAGE = YES_ERROR;
				CLANG_WARN_DOCUMENTATION_COMMENTS = YES;
				CLANG_WARN_EMPTY_BODY = YES;
				CLANG_WARN_ENUM_CONVERSION = YES;
				CLANG_WARN_INFINITE_RECURSION = YES;
				CLANG_WARN_INT_CONVERSION = YES;
				CLANG_WARN_OBJC_ROOT_CLASS = YES_ERROR;
				CLANG_WARN_SUSPICIOUS_MOVE = YES;
				CLANG_WARN_SUSPICIOUS_MOVES = YES;
				CLANG_WARN_UNREACHABLE_CODE = YES;
				CLANG_WARN__DUPLICATE_METHOD_MATCH = YES;
				"CODE_SIGN_IDENTITY[sdk=iphoneos*]" = "iPhone Developer";
				COPY_PHASE_STRIP = NO;
				DEBUG_INFORMATION_FORMAT = dwarf;
				ENABLE_STRICT_OBJC_MSGSEND = YES;
				ENABLE_TESTABILITY = YES;
				GCC_C_LANGUAGE_STANDARD = gnu99;
				GCC_DYNAMIC_NO_PIC = NO;
				GCC_NO_COMMON_BLOCKS = YES;
				GCC_OPTIMIZATION_LEVEL = 0;
				GCC_PREPROCESSOR_DEFINITIONS = (
					"DEBUG=1",
					"$(inherited)",
				);
				GCC_WARN_64_TO_32_BIT_CONVERSION = YES;
				GCC_WARN_ABOUT_RETURN_TYPE = YES_ERROR;
				GCC_WARN_UNDECLARED_SELECTOR = YES;
				GCC_WARN_UNINITIALIZED_AUTOS = YES_AGGRESSIVE;
				GCC_WARN_UNUSED_FUNCTION = YES;
				GCC_WARN_UNUSED_VARIABLE = YES;
				IPHONEOS_DEPLOYMENT_TARGET = 10.1;
				MTL_ENABLE_DEBUG_INFO = YES;
				ONLY_ACTIVE_ARCH = YES;
				SDKROOT = iphoneos;
				SWIFT_ACTIVE_COMPILATION_CONDITIONS = DEBUG;
				SWIFT_OBJC_BRIDGING_HEADER = "";
				SWIFT_OPTIMIZATION_LEVEL = "-Onone";
				TARGETED_DEVICE_FAMILY = "1,2";
			};
			name = Debug;
		};
		1448ED421E373FE700962E58 /* Release */ = {
			isa = XCBuildConfiguration;
			buildSettings = {
				ALWAYS_SEARCH_USER_PATHS = NO;
				CLANG_ANALYZER_NONNULL = YES;
				CLANG_CXX_LANGUAGE_STANDARD = "gnu++0x";
				CLANG_CXX_LIBRARY = "libc++";
				CLANG_ENABLE_MODULES = YES;
				CLANG_ENABLE_OBJC_ARC = YES;
				CLANG_WARN_BOOL_CONVERSION = YES;
				CLANG_WARN_CONSTANT_CONVERSION = YES;
				CLANG_WARN_DIRECT_OBJC_ISA_USAGE = YES_ERROR;
				CLANG_WARN_DOCUMENTATION_COMMENTS = YES;
				CLANG_WARN_EMPTY_BODY = YES;
				CLANG_WARN_ENUM_CONVERSION = YES;
				CLANG_WARN_INFINITE_RECURSION = YES;
				CLANG_WARN_INT_CONVERSION = YES;
				CLANG_WARN_OBJC_ROOT_CLASS = YES_ERROR;
				CLANG_WARN_SUSPICIOUS_MOVE = YES;
				CLANG_WARN_SUSPICIOUS_MOVES = YES;
				CLANG_WARN_UNREACHABLE_CODE = YES;
				CLANG_WARN__DUPLICATE_METHOD_MATCH = YES;
				"CODE_SIGN_IDENTITY[sdk=iphoneos*]" = "iPhone Developer";
				COPY_PHASE_STRIP = NO;
				DEBUG_INFORMATION_FORMAT = "dwarf-with-dsym";
				ENABLE_NS_ASSERTIONS = NO;
				ENABLE_STRICT_OBJC_MSGSEND = YES;
				GCC_C_LANGUAGE_STANDARD = gnu99;
				GCC_NO_COMMON_BLOCKS = YES;
				GCC_WARN_64_TO_32_BIT_CONVERSION = YES;
				GCC_WARN_ABOUT_RETURN_TYPE = YES_ERROR;
				GCC_WARN_UNDECLARED_SELECTOR = YES;
				GCC_WARN_UNINITIALIZED_AUTOS = YES_AGGRESSIVE;
				GCC_WARN_UNUSED_FUNCTION = YES;
				GCC_WARN_UNUSED_VARIABLE = YES;
				IPHONEOS_DEPLOYMENT_TARGET = 10.1;
				MTL_ENABLE_DEBUG_INFO = NO;
				SDKROOT = iphoneos;
				SWIFT_OBJC_BRIDGING_HEADER = "";
				SWIFT_OPTIMIZATION_LEVEL = "-Owholemodule";
				TARGETED_DEVICE_FAMILY = "1,2";
				VALIDATE_PRODUCT = YES;
			};
			name = Release;
		};
		1448ED441E373FE700962E58 /* Debug */ = {
			isa = XCBuildConfiguration;
			baseConfigurationReference = 8CC22E0276ACE5B3CB3ED155 /* Pods-TraceMyRoutes.debug.xcconfig */;
			buildSettings = {
				ASSETCATALOG_COMPILER_APPICON_NAME = AppIcon;
				CODE_SIGN_IDENTITY = "iPhone Developer";
				DEVELOPMENT_TEAM = 6ETQBL4GH5;
				INFOPLIST_FILE = TraceMyRoutes/Info.plist;
				LD_RUNPATH_SEARCH_PATHS = "$(inherited) @executable_path/Frameworks";
				PRODUCT_BUNDLE_IDENTIFIER = com.oddesign.Taxibye;
				PRODUCT_NAME = "$(TARGET_NAME)";
				SWIFT_OBJC_BRIDGING_HEADER = "TraceMyRoutes/TraceMyRoutes-Bridging-Header.h";
				SWIFT_VERSION = 3.0;
			};
			name = Debug;
		};
		1448ED451E373FE700962E58 /* Release */ = {
			isa = XCBuildConfiguration;
			baseConfigurationReference = D2CE7C500955B82EFC4E7FBB /* Pods-TraceMyRoutes.release.xcconfig */;
			buildSettings = {
				ASSETCATALOG_COMPILER_APPICON_NAME = AppIcon;
				CODE_SIGN_IDENTITY = "iPhone Developer";
				DEVELOPMENT_TEAM = 6ETQBL4GH5;
				INFOPLIST_FILE = TraceMyRoutes/Info.plist;
				LD_RUNPATH_SEARCH_PATHS = "$(inherited) @executable_path/Frameworks";
				PRODUCT_BUNDLE_IDENTIFIER = com.oddesign.Taxibye;
				PRODUCT_NAME = "$(TARGET_NAME)";
				SWIFT_OBJC_BRIDGING_HEADER = "TraceMyRoutes/TraceMyRoutes-Bridging-Header.h";
				SWIFT_VERSION = 3.0;
			};
			name = Release;
		};
		1448ED471E373FE700962E58 /* Debug */ = {
			isa = XCBuildConfiguration;
			baseConfigurationReference = 0210D704EECE570278557C71 /* Pods-TraceMyRoutesTests.debug.xcconfig */;
			buildSettings = {
				ALWAYS_EMBED_SWIFT_STANDARD_LIBRARIES = YES;
				BUNDLE_LOADER = "$(TEST_HOST)";
				DEVELOPMENT_TEAM = 6ETQBL4GH5;
				INFOPLIST_FILE = TraceMyRoutesTests/Info.plist;
				LD_RUNPATH_SEARCH_PATHS = "$(inherited) @executable_path/Frameworks @loader_path/Frameworks";
				PRODUCT_BUNDLE_IDENTIFIER = com.oddesign.TraceMyRoutesTests;
				PRODUCT_NAME = "$(TARGET_NAME)";
				SWIFT_VERSION = 3.0;
				TEST_HOST = "$(BUILT_PRODUCTS_DIR)/TraceMyRoutes.app/TraceMyRoutes";
			};
			name = Debug;
		};
		1448ED481E373FE700962E58 /* Release */ = {
			isa = XCBuildConfiguration;
			baseConfigurationReference = 4638FFEA84464068CC030735 /* Pods-TraceMyRoutesTests.release.xcconfig */;
			buildSettings = {
				ALWAYS_EMBED_SWIFT_STANDARD_LIBRARIES = YES;
				BUNDLE_LOADER = "$(TEST_HOST)";
				DEVELOPMENT_TEAM = 6ETQBL4GH5;
				INFOPLIST_FILE = TraceMyRoutesTests/Info.plist;
				LD_RUNPATH_SEARCH_PATHS = "$(inherited) @executable_path/Frameworks @loader_path/Frameworks";
				PRODUCT_BUNDLE_IDENTIFIER = com.oddesign.TraceMyRoutesTests;
				PRODUCT_NAME = "$(TARGET_NAME)";
				SWIFT_VERSION = 3.0;
				TEST_HOST = "$(BUILT_PRODUCTS_DIR)/TraceMyRoutes.app/TraceMyRoutes";
			};
			name = Release;
		};
		1448ED4A1E373FE700962E58 /* Debug */ = {
			isa = XCBuildConfiguration;
			baseConfigurationReference = 28E8A01E28F7C4D4B0E8E78A /* Pods-TraceMyRoutesUITests.debug.xcconfig */;
			buildSettings = {
				ALWAYS_EMBED_SWIFT_STANDARD_LIBRARIES = YES;
				DEVELOPMENT_TEAM = 6ETQBL4GH5;
				INFOPLIST_FILE = TraceMyRoutesUITests/Info.plist;
				LD_RUNPATH_SEARCH_PATHS = "$(inherited) @executable_path/Frameworks @loader_path/Frameworks";
				PRODUCT_BUNDLE_IDENTIFIER = com.oddesign.TraceMyRoutesUITests;
				PRODUCT_NAME = "$(TARGET_NAME)";
				SWIFT_VERSION = 3.0;
				TEST_TARGET_NAME = TraceMyRoutes;
			};
			name = Debug;
		};
		1448ED4B1E373FE700962E58 /* Release */ = {
			isa = XCBuildConfiguration;
			baseConfigurationReference = B30D661D48F90D10B5BCF92F /* Pods-TraceMyRoutesUITests.release.xcconfig */;
			buildSettings = {
				ALWAYS_EMBED_SWIFT_STANDARD_LIBRARIES = YES;
				DEVELOPMENT_TEAM = 6ETQBL4GH5;
				INFOPLIST_FILE = TraceMyRoutesUITests/Info.plist;
				LD_RUNPATH_SEARCH_PATHS = "$(inherited) @executable_path/Frameworks @loader_path/Frameworks";
				PRODUCT_BUNDLE_IDENTIFIER = com.oddesign.TraceMyRoutesUITests;
				PRODUCT_NAME = "$(TARGET_NAME)";
				SWIFT_VERSION = 3.0;
				TEST_TARGET_NAME = TraceMyRoutes;
			};
			name = Release;
		};
/* End XCBuildConfiguration section */

/* Begin XCConfigurationList section */
		1448ED131E373FE700962E58 /* Build configuration list for PBXProject "TraceMyRoutes" */ = {
			isa = XCConfigurationList;
			buildConfigurations = (
				1448ED411E373FE700962E58 /* Debug */,
				1448ED421E373FE700962E58 /* Release */,
			);
			defaultConfigurationIsVisible = 0;
			defaultConfigurationName = Release;
		};
		1448ED431E373FE700962E58 /* Build configuration list for PBXNativeTarget "TraceMyRoutes" */ = {
			isa = XCConfigurationList;
			buildConfigurations = (
				1448ED441E373FE700962E58 /* Debug */,
				1448ED451E373FE700962E58 /* Release */,
			);
			defaultConfigurationIsVisible = 0;
			defaultConfigurationName = Release;
		};
		1448ED461E373FE700962E58 /* Build configuration list for PBXNativeTarget "TraceMyRoutesTests" */ = {
			isa = XCConfigurationList;
			buildConfigurations = (
				1448ED471E373FE700962E58 /* Debug */,
				1448ED481E373FE700962E58 /* Release */,
			);
			defaultConfigurationIsVisible = 0;
			defaultConfigurationName = Release;
		};
		1448ED491E373FE700962E58 /* Build configuration list for PBXNativeTarget "TraceMyRoutesUITests" */ = {
			isa = XCConfigurationList;
			buildConfigurations = (
				1448ED4A1E373FE700962E58 /* Debug */,
				1448ED4B1E373FE700962E58 /* Release */,
			);
			defaultConfigurationIsVisible = 0;
			defaultConfigurationName = Release;
		};
/* End XCConfigurationList section */

/* Begin XCVersionGroup section */
		1448ED221E373FE700962E58 /* TraceMyRoutes.xcdatamodeld */ = {
			isa = XCVersionGroup;
			children = (
				1448ED231E373FE700962E58 /* TraceMyRoutes.xcdatamodel */,
			);
			currentVersion = 1448ED231E373FE700962E58 /* TraceMyRoutes.xcdatamodel */;
			path = TraceMyRoutes.xcdatamodeld;
			sourceTree = "<group>";
			versionGroupType = wrapper.xcdatamodel;
		};
/* End XCVersionGroup section */
	};
	rootObject = 1448ED101E373FE700962E58 /* Project object */;
}
